
Microsoft Visual Studio Solution File, Format Version 12.00
# Visual Studio Version 17
VisualStudioVersion = 17.10.34916.146
MinimumVisualStudioVersion = 10.0.40219.1
Project("{8BC9CEB8-8B4A-11D0-8D11-00A0C91BC942}") = "CourseWork(LOAvIZ)", "CourseWork(LOAvIZ).vcxproj", "{BAD520DB-2A88-4349-80AA-1BEA6C990A87}"
EndProject
Global
	GlobalSection(SolutionConfigurationPlatforms) = preSolution
		Debug|x64 = Debug|x64
		Debug|x86 = Debug|x86
		Release|x64 = Release|x64
		Release|x86 = Release|x86
	EndGlobalSection
	GlobalSection(ProjectConfigurationPlatforms) = postSolution
		{BAD520DB-2A88-4349-80AA-1BEA6C990A87}.Debug|x64.ActiveCfg = Debug|x64
		{BAD520DB-2A88-4349-80AA-1BEA6C990A87}.Debug|x64.Build.0 = Debug|x64
		{BAD520DB-2A88-4349-80AA-1BEA6C990A87}.Debug|x86.ActiveCfg = Debug|Win32
		{BAD520DB-2A88-4349-80AA-1BEA6C990A87}.Debug|x86.Build.0 = Debug|Win32
		{BAD520DB-2A88-4349-80AA-1BEA6C990A87}.Release|x64.ActiveCfg = Release|x64
		{BAD520DB-2A88-4349-80AA-1BEA6C990A87}.Release|x64.Build.0 = Release|x64
		{BAD520DB-2A88-4349-80AA-1BEA6C990A87}.Release|x86.ActiveCfg = Release|Win32
		{BAD520DB-2A88-4349-80AA-1BEA6C990A87}.Release|x86.Build.0 = Release|Win32
	EndGlobalSection
	GlobalSection(SolutionProperties) = preSolution
		HideSolutionNode = FALSE
	EndGlobalSection
	GlobalSection(ExtensibilityGlobals) = postSolution
		SolutionGuid = {D9C52AB0-CDF3-43BE-814C-389289C50934}
	EndGlobalSection
EndGlobal
